
Microsoft Visual Studio Solution File, Format Version 12.00
# Visual Studio 15
VisualStudioVersion = 15.0.27428.2037
MinimumVisualStudioVersion = 10.0.40219.1
Project("{FAE04EC0-301F-11D3-BF4B-00C04F79EFBC}") = "DelenPrivateBankingBackEnd", "DelenPrivateBankingBackEnd\DelenPrivateBankingBackEnd.csproj", "{ECC537E2-DDE6-4F15-BA3C-F841C8AF7429}"
EndProject
Project("{FAE04EC0-301F-11D3-BF4B-00C04F79EFBC}") = "PdfSharp", "..\..\..\..\Downloads\PDFsharp-MigraDocFoundation-1_50-beta5\PDFsharp\src\PdfSharp\PdfSharp.csproj", "{5A6055BC-BF86-4FDD-9F62-0109DB7A303B}"
EndProject
Global
	GlobalSection(SolutionConfigurationPlatforms) = preSolution
		Debug|Any CPU = Debug|Any CPU
		Release|Any CPU = Release|Any CPU
	EndGlobalSection
	GlobalSection(ProjectConfigurationPlatforms) = postSolution
		{ECC537E2-DDE6-4F15-BA3C-F841C8AF7429}.Debug|Any CPU.ActiveCfg = Debug|Any CPU
		{ECC537E2-DDE6-4F15-BA3C-F841C8AF7429}.Debug|Any CPU.Build.0 = Debug|Any CPU
		{ECC537E2-DDE6-4F15-BA3C-F841C8AF7429}.Release|Any CPU.ActiveCfg = Release|Any CPU
		{ECC537E2-DDE6-4F15-BA3C-F841C8AF7429}.Release|Any CPU.Build.0 = Release|Any CPU
		{5A6055BC-BF86-4FDD-9F62-0109DB7A303B}.Debug|Any CPU.ActiveCfg = Debug|Any CPU
		{5A6055BC-BF86-4FDD-9F62-0109DB7A303B}.Debug|Any CPU.Build.0 = Debug|Any CPU
		{5A6055BC-BF86-4FDD-9F62-0109DB7A303B}.Release|Any CPU.ActiveCfg = Release|Any CPU
		{5A6055BC-BF86-4FDD-9F62-0109DB7A303B}.Release|Any CPU.Build.0 = Release|Any CPU
	EndGlobalSection
	GlobalSection(SolutionProperties) = preSolution
		HideSolutionNode = FALSE
	EndGlobalSection
	GlobalSection(ExtensibilityGlobals) = postSolution
		SolutionGuid = {38F9683E-6205-4BA1-BA79-56DAE3DB6133}
	EndGlobalSection
EndGlobal
